
Microsoft Visual Studio Solution File, Format Version 12.00
# Visual Studio 15
VisualStudioVersion = 15.0.26124.0
MinimumVisualStudioVersion = 15.0.26124.0
Project("{2150E333-8FDC-42A3-9474-1A3956D46DE8}") = "src", "src", "{F7ABA16F-3EF2-4F07-AF26-A2570B65D5C6}"
EndProject
Project("{FAE04EC0-301F-11D3-BF4B-00C04F79EFBC}") = "Infrastructure", "src\Infrastructure\Infrastructure.csproj", "{74E63442-B4A8-4C7D-938A-7EE69B6BFFD7}"
EndProject
Project("{FAE04EC0-301F-11D3-BF4B-00C04F79EFBC}") = "Application", "src\Application\Application.csproj", "{05CB39EC-5730-4B2C-A10D-1A38CE348F09}"
EndProject
Project("{FAE04EC0-301F-11D3-BF4B-00C04F79EFBC}") = "Domain", "src\Domain\Domain.csproj", "{5E392746-7C9F-4DE6-BE05-6A3698D74086}"
EndProject
Project("{FAE04EC0-301F-11D3-BF4B-00C04F79EFBC}") = "Api", "src\Api\Api.csproj", "{099EB653-0D4D-4A30-A482-137351F1CB49}"
EndProject
Project("{2150E333-8FDC-42A3-9474-1A3956D46DE8}") = "tests", "tests", "{8405A7E0-858A-4908-8D79-01F66AAFBB19}"
EndProject
Project("{FAE04EC0-301F-11D3-BF4B-00C04F79EFBC}") = "IntegrationTests", "tests\Integration\IntegrationTests.csproj", "{1FE6A4FE-19F6-44FC-9674-98860195448F}"
EndProject
Project("{FAE04EC0-301F-11D3-BF4B-00C04F79EFBC}") = "FeatureTests", "tests\Feature\FeatureTests.csproj", "{6BEFDF61-0A53-42DE-B94F-60A7CD00864A}"
EndProject
Project("{FAE04EC0-301F-11D3-BF4B-00C04F79EFBC}") = "WorldConsumer", "src\WorldConsumer\WorldConsumer.csproj", "{DEEF6300-4DF6-44AA-8772-E10EC78A5678}"
EndProject
Global
	GlobalSection(SolutionConfigurationPlatforms) = preSolution
		Debug|Any CPU = Debug|Any CPU
		Debug|x64 = Debug|x64
		Debug|x86 = Debug|x86
		Release|Any CPU = Release|Any CPU
		Release|x64 = Release|x64
		Release|x86 = Release|x86
	EndGlobalSection
	GlobalSection(SolutionProperties) = preSolution
		HideSolutionNode = FALSE
	EndGlobalSection
	GlobalSection(ProjectConfigurationPlatforms) = postSolution
		{74E63442-B4A8-4C7D-938A-7EE69B6BFFD7}.Debug|Any CPU.ActiveCfg = Debug|Any CPU
		{74E63442-B4A8-4C7D-938A-7EE69B6BFFD7}.Debug|Any CPU.Build.0 = Debug|Any CPU
		{74E63442-B4A8-4C7D-938A-7EE69B6BFFD7}.Debug|x64.ActiveCfg = Debug|Any CPU
		{74E63442-B4A8-4C7D-938A-7EE69B6BFFD7}.Debug|x64.Build.0 = Debug|Any CPU
		{74E63442-B4A8-4C7D-938A-7EE69B6BFFD7}.Debug|x86.ActiveCfg = Debug|Any CPU
		{74E63442-B4A8-4C7D-938A-7EE69B6BFFD7}.Debug|x86.Build.0 = Debug|Any CPU
		{74E63442-B4A8-4C7D-938A-7EE69B6BFFD7}.Release|Any CPU.ActiveCfg = Release|Any CPU
		{74E63442-B4A8-4C7D-938A-7EE69B6BFFD7}.Release|Any CPU.Build.0 = Release|Any CPU
		{74E63442-B4A8-4C7D-938A-7EE69B6BFFD7}.Release|x64.ActiveCfg = Release|Any CPU
		{74E63442-B4A8-4C7D-938A-7EE69B6BFFD7}.Release|x64.Build.0 = Release|Any CPU
		{74E63442-B4A8-4C7D-938A-7EE69B6BFFD7}.Release|x86.ActiveCfg = Release|Any CPU
		{74E63442-B4A8-4C7D-938A-7EE69B6BFFD7}.Release|x86.Build.0 = Release|Any CPU
		{05CB39EC-5730-4B2C-A10D-1A38CE348F09}.Debug|Any CPU.ActiveCfg = Debug|Any CPU
		{05CB39EC-5730-4B2C-A10D-1A38CE348F09}.Debug|Any CPU.Build.0 = Debug|Any CPU
		{05CB39EC-5730-4B2C-A10D-1A38CE348F09}.Debug|x64.ActiveCfg = Debug|Any CPU
		{05CB39EC-5730-4B2C-A10D-1A38CE348F09}.Debug|x64.Build.0 = Debug|Any CPU
		{05CB39EC-5730-4B2C-A10D-1A38CE348F09}.Debug|x86.ActiveCfg = Debug|Any CPU
		{05CB39EC-5730-4B2C-A10D-1A38CE348F09}.Debug|x86.Build.0 = Debug|Any CPU
		{05CB39EC-5730-4B2C-A10D-1A38CE348F09}.Release|Any CPU.ActiveCfg = Release|Any CPU
		{05CB39EC-5730-4B2C-A10D-1A38CE348F09}.Release|Any CPU.Build.0 = Release|Any CPU
		{05CB39EC-5730-4B2C-A10D-1A38CE348F09}.Release|x64.ActiveCfg = Release|Any CPU
		{05CB39EC-5730-4B2C-A10D-1A38CE348F09}.Release|x64.Build.0 = Release|Any CPU
		{05CB39EC-5730-4B2C-A10D-1A38CE348F09}.Release|x86.ActiveCfg = Release|Any CPU
		{05CB39EC-5730-4B2C-A10D-1A38CE348F09}.Release|x86.Build.0 = Release|Any CPU
		{5E392746-7C9F-4DE6-BE05-6A3698D74086}.Debug|Any CPU.ActiveCfg = Debug|Any CPU
		{5E392746-7C9F-4DE6-BE05-6A3698D74086}.Debug|Any CPU.Build.0 = Debug|Any CPU
		{5E392746-7C9F-4DE6-BE05-6A3698D74086}.Debug|x64.ActiveCfg = Debug|Any CPU
		{5E392746-7C9F-4DE6-BE05-6A3698D74086}.Debug|x64.Build.0 = Debug|Any CPU
		{5E392746-7C9F-4DE6-BE05-6A3698D74086}.Debug|x86.ActiveCfg = Debug|Any CPU
		{5E392746-7C9F-4DE6-BE05-6A3698D74086}.Debug|x86.Build.0 = Debug|Any CPU
		{5E392746-7C9F-4DE6-BE05-6A3698D74086}.Release|Any CPU.ActiveCfg = Release|Any CPU
		{5E392746-7C9F-4DE6-BE05-6A3698D74086}.Release|Any CPU.Build.0 = Release|Any CPU
		{5E392746-7C9F-4DE6-BE05-6A3698D74086}.Release|x64.ActiveCfg = Release|Any CPU
		{5E392746-7C9F-4DE6-BE05-6A3698D74086}.Release|x64.Build.0 = Release|Any CPU
		{5E392746-7C9F-4DE6-BE05-6A3698D74086}.Release|x86.ActiveCfg = Release|Any CPU
		{5E392746-7C9F-4DE6-BE05-6A3698D74086}.Release|x86.Build.0 = Release|Any CPU
		{099EB653-0D4D-4A30-A482-137351F1CB49}.Debug|Any CPU.ActiveCfg = Debug|Any CPU
		{099EB653-0D4D-4A30-A482-137351F1CB49}.Debug|Any CPU.Build.0 = Debug|Any CPU
		{099EB653-0D4D-4A30-A482-137351F1CB49}.Debug|x64.ActiveCfg = Debug|Any CPU
		{099EB653-0D4D-4A30-A482-137351F1CB49}.Debug|x64.Build.0 = Debug|Any CPU
		{099EB653-0D4D-4A30-A482-137351F1CB49}.Debug|x86.ActiveCfg = Debug|Any CPU
		{099EB653-0D4D-4A30-A482-137351F1CB49}.Debug|x86.Build.0 = Debug|Any CPU
		{099EB653-0D4D-4A30-A482-137351F1CB49}.Release|Any CPU.ActiveCfg = Release|Any CPU
		{099EB653-0D4D-4A30-A482-137351F1CB49}.Release|Any CPU.Build.0 = Release|Any CPU
		{099EB653-0D4D-4A30-A482-137351F1CB49}.Release|x64.ActiveCfg = Release|Any CPU
		{099EB653-0D4D-4A30-A482-137351F1CB49}.Release|x64.Build.0 = Release|Any CPU
		{099EB653-0D4D-4A30-A482-137351F1CB49}.Release|x86.ActiveCfg = Release|Any CPU
		{099EB653-0D4D-4A30-A482-137351F1CB49}.Release|x86.Build.0 = Release|Any CPU
		{1FE6A4FE-19F6-44FC-9674-98860195448F}.Debug|Any CPU.ActiveCfg = Debug|Any CPU
		{1FE6A4FE-19F6-44FC-9674-98860195448F}.Debug|Any CPU.Build.0 = Debug|Any CPU
		{1FE6A4FE-19F6-44FC-9674-98860195448F}.Debug|x64.ActiveCfg = Debug|Any CPU
		{1FE6A4FE-19F6-44FC-9674-98860195448F}.Debug|x64.Build.0 = Debug|Any CPU
		{1FE6A4FE-19F6-44FC-9674-98860195448F}.Debug|x86.ActiveCfg = Debug|Any CPU
		{1FE6A4FE-19F6-44FC-9674-98860195448F}.Debug|x86.Build.0 = Debug|Any CPU
		{1FE6A4FE-19F6-44FC-9674-98860195448F}.Release|Any CPU.ActiveCfg = Release|Any CPU
		{1FE6A4FE-19F6-44FC-9674-98860195448F}.Release|Any CPU.Build.0 = Release|Any CPU
		{1FE6A4FE-19F6-44FC-9674-98860195448F}.Release|x64.ActiveCfg = Release|Any CPU
		{1FE6A4FE-19F6-44FC-9674-98860195448F}.Release|x64.Build.0 = Release|Any CPU
		{1FE6A4FE-19F6-44FC-9674-98860195448F}.Release|x86.ActiveCfg = Release|Any CPU
		{1FE6A4FE-19F6-44FC-9674-98860195448F}.Release|x86.Build.0 = Release|Any CPU
		{6BEFDF61-0A53-42DE-B94F-60A7CD00864A}.Debug|Any CPU.ActiveCfg = Debug|Any CPU
		{6BEFDF61-0A53-42DE-B94F-60A7CD00864A}.Debug|Any CPU.Build.0 = Debug|Any CPU
		{6BEFDF61-0A53-42DE-B94F-60A7CD00864A}.Debug|x64.ActiveCfg = Debug|Any CPU
		{6BEFDF61-0A53-42DE-B94F-60A7CD00864A}.Debug|x64.Build.0 = Debug|Any CPU
		{6BEFDF61-0A53-42DE-B94F-60A7CD00864A}.Debug|x86.ActiveCfg = Debug|Any CPU
		{6BEFDF61-0A53-42DE-B94F-60A7CD00864A}.Debug|x86.Build.0 = Debug|Any CPU
		{6BEFDF61-0A53-42DE-B94F-60A7CD00864A}.Release|Any CPU.ActiveCfg = Release|Any CPU
		{6BEFDF61-0A53-42DE-B94F-60A7CD00864A}.Release|Any CPU.Build.0 = Release|Any CPU
		{6BEFDF61-0A53-42DE-B94F-60A7CD00864A}.Release|x64.ActiveCfg = Release|Any CPU
		{6BEFDF61-0A53-42DE-B94F-60A7CD00864A}.Release|x64.Build.0 = Release|Any CPU
		{6BEFDF61-0A53-42DE-B94F-60A7CD00864A}.Release|x86.ActiveCfg = Release|Any CPU
		{6BEFDF61-0A53-42DE-B94F-60A7CD00864A}.Release|x86.Build.0 = Release|Any CPU
		{DEEF6300-4DF6-44AA-8772-E10EC78A5678}.Debug|Any CPU.ActiveCfg = Debug|Any CPU
		{DEEF6300-4DF6-44AA-8772-E10EC78A5678}.Debug|Any CPU.Build.0 = Debug|Any CPU
		{DEEF6300-4DF6-44AA-8772-E10EC78A5678}.Debug|x64.ActiveCfg = Debug|Any CPU
		{DEEF6300-4DF6-44AA-8772-E10EC78A5678}.Debug|x64.Build.0 = Debug|Any CPU
		{DEEF6300-4DF6-44AA-8772-E10EC78A5678}.Debug|x86.ActiveCfg = Debug|Any CPU
		{DEEF6300-4DF6-44AA-8772-E10EC78A5678}.Debug|x86.Build.0 = Debug|Any CPU
		{DEEF6300-4DF6-44AA-8772-E10EC78A5678}.Release|Any CPU.ActiveCfg = Release|Any CPU
		{DEEF6300-4DF6-44AA-8772-E10EC78A5678}.Release|Any CPU.Build.0 = Release|Any CPU
		{DEEF6300-4DF6-44AA-8772-E10EC78A5678}.Release|x64.ActiveCfg = Release|Any CPU
		{DEEF6300-4DF6-44AA-8772-E10EC78A5678}.Release|x64.Build.0 = Release|Any CPU
		{DEEF6300-4DF6-44AA-8772-E10EC78A5678}.Release|x86.ActiveCfg = Release|Any CPU
		{DEEF6300-4DF6-44AA-8772-E10EC78A5678}.Release|x86.Build.0 = Release|Any CPU
	EndGlobalSection
	GlobalSection(NestedProjects) = preSolution
		{74E63442-B4A8-4C7D-938A-7EE69B6BFFD7} = {F7ABA16F-3EF2-4F07-AF26-A2570B65D5C6}
		{05CB39EC-5730-4B2C-A10D-1A38CE348F09} = {F7ABA16F-3EF2-4F07-AF26-A2570B65D5C6}
		{5E392746-7C9F-4DE6-BE05-6A3698D74086} = {F7ABA16F-3EF2-4F07-AF26-A2570B65D5C6}
		{099EB653-0D4D-4A30-A482-137351F1CB49} = {F7ABA16F-3EF2-4F07-AF26-A2570B65D5C6}
		{1FE6A4FE-19F6-44FC-9674-98860195448F} = {8405A7E0-858A-4908-8D79-01F66AAFBB19}
		{6BEFDF61-0A53-42DE-B94F-60A7CD00864A} = {8405A7E0-858A-4908-8D79-01F66AAFBB19}
		{DEEF6300-4DF6-44AA-8772-E10EC78A5678} = {F7ABA16F-3EF2-4F07-AF26-A2570B65D5C6}
	EndGlobalSection
EndGlobal
